
Microsoft Visual Studio Solution File, Format Version 12.00
# Visual Studio Version 17
VisualStudioVersion = 17.0.32014.148
MinimumVisualStudioVersion = 10.0.40219.1
Project("{9A19103F-16F7-4668-BE54-9A1E7A4F7556}") = "Hotkeys", "Hotkeys\Hotkeys.csproj", "{EDC8BE17-922A-4904-A446-619346C604E4}"
EndProject
Project("{FAE04EC0-301F-11D3-BF4B-00C04F79EFBC}") = "Hotkeys.Example", "Hotkeys.Example\Hotkeys.Example.csproj", "{9BEBD7B1-99BA-4667-B0A1-C99628DEB916}"
EndProject
Global
	GlobalSection(SolutionConfigurationPlatforms) = preSolution
		Debug|Any CPU = Debug|Any CPU
		Release|Any CPU = Release|Any CPU
	EndGlobalSection
	GlobalSection(ProjectConfigurationPlatforms) = postSolution
		{EDC8BE17-922A-4904-A446-619346C604E4}.Debug|Any CPU.ActiveCfg = Debug|Any CPU
		{EDC8BE17-922A-4904-A446-619346C604E4}.Debug|Any CPU.Build.0 = Debug|Any CPU
		{EDC8BE17-922A-4904-A446-619346C604E4}.Release|Any CPU.ActiveCfg = Release|Any CPU
		{EDC8BE17-922A-4904-A446-619346C604E4}.Release|Any CPU.Build.0 = Release|Any CPU
		{9BEBD7B1-99BA-4667-B0A1-C99628DEB916}.Debug|Any CPU.ActiveCfg = Debug|Any CPU
		{9BEBD7B1-99BA-4667-B0A1-C99628DEB916}.Debug|Any CPU.Build.0 = Debug|Any CPU
		{9BEBD7B1-99BA-4667-B0A1-C99628DEB916}.Release|Any CPU.ActiveCfg = Release|Any CPU
		{9BEBD7B1-99BA-4667-B0A1-C99628DEB916}.Release|Any CPU.Build.0 = Release|Any CPU
	EndGlobalSection
	GlobalSection(SolutionProperties) = preSolution
		HideSolutionNode = FALSE
	EndGlobalSection
	GlobalSection(ExtensibilityGlobals) = postSolution
		SolutionGuid = {EB5811EB-B37A-46A1-96F8-5E85B343195F}
	EndGlobalSection
EndGlobal
